
Microsoft Visual Studio Solution File, Format Version 12.00
# Visual Studio Version 17
VisualStudioVersion = 17.8.34316.72
MinimumVisualStudioVersion = 10.0.40219.1
Project("{FAE04EC0-301F-11D3-BF4B-00C04F79EFBC}") = "NotebookforContacts1", "NotebookforContacts1.csproj", "{09EF5C76-B9B9-4921-82AB-C01F0ACC6387}"
EndProject
Global
	GlobalSection(SolutionConfigurationPlatforms) = preSolution
		Debug|Any CPU = Debug|Any CPU
		Release|Any CPU = Release|Any CPU
	EndGlobalSection
	GlobalSection(ProjectConfigurationPlatforms) = postSolution
		{09EF5C76-B9B9-4921-82AB-C01F0ACC6387}.Debug|Any CPU.ActiveCfg = Debug|Any CPU
		{09EF5C76-B9B9-4921-82AB-C01F0ACC6387}.Debug|Any CPU.Build.0 = Debug|Any CPU
		{09EF5C76-B9B9-4921-82AB-C01F0ACC6387}.Release|Any CPU.ActiveCfg = Release|Any CPU
		{09EF5C76-B9B9-4921-82AB-C01F0ACC6387}.Release|Any CPU.Build.0 = Release|Any CPU
	EndGlobalSection
	GlobalSection(SolutionProperties) = preSolution
		HideSolutionNode = FALSE
	EndGlobalSection
	GlobalSection(ExtensibilityGlobals) = postSolution
		SolutionGuid = {E14CD9F2-947F-44A4-8243-FBC916F22E73}
	EndGlobalSection
EndGlobal
